
Microsoft Visual Studio Solution File, Format Version 12.00
# Visual Studio Version 16
VisualStudioVersion = 16.0.30011.22
MinimumVisualStudioVersion = 10.0.40219.1
Project("{FAE04EC0-301F-11D3-BF4B-00C04F79EFBC}") = "WindowsFormsApp1", "WindowsFormsApp1\WindowsFormsApp1.csproj", "{6DF1BF70-6E16-4CBC-98BC-17A661D24D3B}"
EndProject
Global
	GlobalSection(SolutionConfigurationPlatforms) = preSolution
		Debug|Any CPU = Debug|Any CPU
		Release|Any CPU = Release|Any CPU
	EndGlobalSection
	GlobalSection(ProjectConfigurationPlatforms) = postSolution
		{6DF1BF70-6E16-4CBC-98BC-17A661D24D3B}.Debug|Any CPU.ActiveCfg = Debug|Any CPU
		{6DF1BF70-6E16-4CBC-98BC-17A661D24D3B}.Debug|Any CPU.Build.0 = Debug|Any CPU
		{6DF1BF70-6E16-4CBC-98BC-17A661D24D3B}.Release|Any CPU.ActiveCfg = Release|Any CPU
		{6DF1BF70-6E16-4CBC-98BC-17A661D24D3B}.Release|Any CPU.Build.0 = Release|Any CPU
	EndGlobalSection
	GlobalSection(SolutionProperties) = preSolution
		HideSolutionNode = FALSE
	EndGlobalSection
	GlobalSection(ExtensibilityGlobals) = postSolution
		SolutionGuid = {176A61C0-D985-4214-96AA-B9EA5F62E374}
	EndGlobalSection
EndGlobal
